
Microsoft Visual Studio Solution File, Format Version 12.00
# Visual Studio 14
VisualStudioVersion = 14.0.23107.0
MinimumVisualStudioVersion = 10.0.40219.1
Project("{FAE04EC0-301F-11D3-BF4B-00C04F79EFBC}") = "LabyrinthText", "Labyrinth\LabyrinthText.csproj", "{0BB4361C-454B-4B70-B08C-6A37C44AA8F1}"
EndProject
Project("{FAE04EC0-301F-11D3-BF4B-00C04F79EFBC}") = "LabyrinthGraphics", "LabyrinthGraphics\LabyrinthGraphics.csproj", "{C78E01A4-592C-47F2-9A61-36B053F33CC1}"
EndProject
Global
	GlobalSection(SolutionConfigurationPlatforms) = preSolution
		Debug|Any CPU = Debug|Any CPU
		Release|Any CPU = Release|Any CPU
	EndGlobalSection
	GlobalSection(ProjectConfigurationPlatforms) = postSolution
		{0BB4361C-454B-4B70-B08C-6A37C44AA8F1}.Debug|Any CPU.ActiveCfg = Debug|Any CPU
		{0BB4361C-454B-4B70-B08C-6A37C44AA8F1}.Debug|Any CPU.Build.0 = Debug|Any CPU
		{0BB4361C-454B-4B70-B08C-6A37C44AA8F1}.Release|Any CPU.ActiveCfg = Release|Any CPU
		{0BB4361C-454B-4B70-B08C-6A37C44AA8F1}.Release|Any CPU.Build.0 = Release|Any CPU
		{C78E01A4-592C-47F2-9A61-36B053F33CC1}.Debug|Any CPU.ActiveCfg = Debug|Any CPU
		{C78E01A4-592C-47F2-9A61-36B053F33CC1}.Debug|Any CPU.Build.0 = Debug|Any CPU
		{C78E01A4-592C-47F2-9A61-36B053F33CC1}.Release|Any CPU.ActiveCfg = Release|Any CPU
		{C78E01A4-592C-47F2-9A61-36B053F33CC1}.Release|Any CPU.Build.0 = Release|Any CPU
	EndGlobalSection
	GlobalSection(SolutionProperties) = preSolution
		HideSolutionNode = FALSE
	EndGlobalSection
EndGlobal
